// !$*UTF8*$!
{
	archiveVersion = 1;
	classes = {
	};
	objectVersion = 50;
	objects = {

/* Begin PBXBuildFile section */
		033839272230E51900F249DB /* API.swift in Sources */ = {isa = PBXBuildFile; fileRef = 033839262230E51900F249DB /* API.swift */; };
		033839292230E66500F249DB /* APIConfig.swift in Sources */ = {isa = PBXBuildFile; fileRef = 033839282230E66500F249DB /* APIConfig.swift */; };
		0338392D22310F9A00F249DB /* User.swift in Sources */ = {isa = PBXBuildFile; fileRef = 0338392C22310F9A00F249DB /* User.swift */; };
		03DA8904222D0C5000A3366E /* AppDelegate.swift in Sources */ = {isa = PBXBuildFile; fileRef = 03DA8903222D0C5000A3366E /* AppDelegate.swift */; };
		03DA8906222D0C5000A3366E /* ViewController.swift in Sources */ = {isa = PBXBuildFile; fileRef = 03DA8905222D0C5000A3366E /* ViewController.swift */; };
		03DA8909222D0C5000A3366E /* Main.storyboard in Resources */ = {isa = PBXBuildFile; fileRef = 03DA8907222D0C5000A3366E /* Main.storyboard */; };
		03DA890B222D0C5100A3366E /* Assets.xcassets in Resources */ = {isa = PBXBuildFile; fileRef = 03DA890A222D0C5100A3366E /* Assets.xcassets */; };
		03DA890E222D0C5100A3366E /* LaunchScreen.storyboard in Resources */ = {isa = PBXBuildFile; fileRef = 03DA890C222D0C5100A3366E /* LaunchScreen.storyboard */; };
		03DA8919222D0C5200A3366E /* KKAPIDemo_JimmyTests.swift in Sources */ = {isa = PBXBuildFile; fileRef = 03DA8918222D0C5200A3366E /* KKAPIDemo_JimmyTests.swift */; };
		03DA8924222D0C5200A3366E /* KKAPIDemo_JimmyUITests.swift in Sources */ = {isa = PBXBuildFile; fileRef = 03DA8923222D0C5200A3366E /* KKAPIDemo_JimmyUITests.swift */; };
		355AC5A79231CE4BA8A1C94F /* Pods_KKAPIDemo_JimmyTests.framework in Frameworks */ = {isa = PBXBuildFile; fileRef = 89F59581C6118670C3AABD3D /* Pods_KKAPIDemo_JimmyTests.framework */; };
		94AB7AAA1CBD15E36F350175 /* Pods_KKAPIDemo_JimmyUITests.framework in Frameworks */ = {isa = PBXBuildFile; fileRef = 1CA3EF28D22A6864E0187AE5 /* Pods_KKAPIDemo_JimmyUITests.framework */; };
		A44314622D99EB2971E64404 /* Pods_KKAPIDemo_Jimmy.framework in Frameworks */ = {isa = PBXBuildFile; fileRef = 97588965969D82C24E339382 /* Pods_KKAPIDemo_Jimmy.framework */; };
/* End PBXBuildFile section */

/* Begin PBXContainerItemProxy section */
		03DA8915222D0C5200A3366E /* PBXContainerItemProxy */ = {
			isa = PBXContainerItemProxy;
			containerPortal = 03DA88F8222D0C5000A3366E /* Project object */;
			proxyType = 1;
			remoteGlobalIDString = 03DA88FF222D0C5000A3366E;
			remoteInfo = KKAPIDemo_Jimmy;
		};
		03DA8920222D0C5200A3366E /* PBXContainerItemProxy */ = {
			isa = PBXContainerItemProxy;
			containerPortal = 03DA88F8222D0C5000A3366E /* Project object */;
			proxyType = 1;
			remoteGlobalIDString = 03DA88FF222D0C5000A3366E;
			remoteInfo = KKAPIDemo_Jimmy;
		};
/* End PBXContainerItemProxy section */

/* Begin PBXFileReference section */
		033839262230E51900F249DB /* API.swift */ = {isa = PBXFileReference; lastKnownFileType = sourcecode.swift; path = API.swift; sourceTree = "<group>"; };
		033839282230E66500F249DB /* APIConfig.swift */ = {isa = PBXFileReference; lastKnownFileType = sourcecode.swift; path = APIConfig.swift; sourceTree = "<group>"; };
		0338392C22310F9A00F249DB /* User.swift */ = {isa = PBXFileReference; lastKnownFileType = sourcecode.swift; path = User.swift; sourceTree = "<group>"; };
		03DA8900222D0C5000A3366E /* KKAPIDemo_Jimmy.app */ = {isa = PBXFileReference; explicitFileType = wrapper.application; includeInIndex = 0; path = KKAPIDemo_Jimmy.app; sourceTree = BUILT_PRODUCTS_DIR; };
		03DA8903222D0C5000A3366E /* AppDelegate.swift */ = {isa = PBXFileReference; lastKnownFileType = sourcecode.swift; path = AppDelegate.swift; sourceTree = "<group>"; };
		03DA8905222D0C5000A3366E /* ViewController.swift */ = {isa = PBXFileReference; lastKnownFileType = sourcecode.swift; path = ViewController.swift; sourceTree = "<group>"; };
		03DA8908222D0C5000A3366E /* Base */ = {isa = PBXFileReference; lastKnownFileType = file.storyboard; name = Base; path = Base.lproj/Main.storyboard; sourceTree = "<group>"; };
		03DA890A222D0C5100A3366E /* Assets.xcassets */ = {isa = PBXFileReference; lastKnownFileType = folder.assetcatalog; path = Assets.xcassets; sourceTree = "<group>"; };
		03DA890D222D0C5100A3366E /* Base */ = {isa = PBXFileReference; lastKnownFileType = file.storyboard; name = Base; path = Base.lproj/LaunchScreen.storyboard; sourceTree = "<group>"; };
		03DA890F222D0C5100A3366E /* Info.plist */ = {isa = PBXFileReference; lastKnownFileType = text.plist.xml; path = Info.plist; sourceTree = "<group>"; };
		03DA8914222D0C5200A3366E /* KKAPIDemo_JimmyTests.xctest */ = {isa = PBXFileReference; explicitFileType = wrapper.cfbundle; includeInIndex = 0; path = KKAPIDemo_JimmyTests.xctest; sourceTree = BUILT_PRODUCTS_DIR; };
		03DA8918222D0C5200A3366E /* KKAPIDemo_JimmyTests.swift */ = {isa = PBXFileReference; lastKnownFileType = sourcecode.swift; path = KKAPIDemo_JimmyTests.swift; sourceTree = "<group>"; };
		03DA891A222D0C5200A3366E /* Info.plist */ = {isa = PBXFileReference; lastKnownFileType = text.plist.xml; path = Info.plist; sourceTree = "<group>"; };
		03DA891F222D0C5200A3366E /* KKAPIDemo_JimmyUITests.xctest */ = {isa = PBXFileReference; explicitFileType = wrapper.cfbundle; includeInIndex = 0; path = KKAPIDemo_JimmyUITests.xctest; sourceTree = BUILT_PRODUCTS_DIR; };
		03DA8923222D0C5200A3366E /* KKAPIDemo_JimmyUITests.swift */ = {isa = PBXFileReference; lastKnownFileType = sourcecode.swift; path = KKAPIDemo_JimmyUITests.swift; sourceTree = "<group>"; };
		03DA8925222D0C5200A3366E /* Info.plist */ = {isa = PBXFileReference; lastKnownFileType = text.plist.xml; path = Info.plist; sourceTree = "<group>"; };
		1CA3EF28D22A6864E0187AE5 /* Pods_KKAPIDemo_JimmyUITests.framework */ = {isa = PBXFileReference; explicitFileType = wrapper.framework; includeInIndex = 0; path = Pods_KKAPIDemo_JimmyUITests.framework; sourceTree = BUILT_PRODUCTS_DIR; };
		70EDF29F50F82B43438EBF9E /* Pods-KKAPIDemo_JimmyTests.debug.xcconfig */ = {isa = PBXFileReference; includeInIndex = 1; lastKnownFileType = text.xcconfig; name = "Pods-KKAPIDemo_JimmyTests.debug.xcconfig"; path = "Target Support Files/Pods-KKAPIDemo_JimmyTests/Pods-KKAPIDemo_JimmyTests.debug.xcconfig"; sourceTree = "<group>"; };
		7DE386531639F0A820D4E68F /* Pods-KKAPIDemo_JimmyUITests.debug.xcconfig */ = {isa = PBXFileReference; includeInIndex = 1; lastKnownFileType = text.xcconfig; name = "Pods-KKAPIDemo_JimmyUITests.debug.xcconfig"; path = "Target Support Files/Pods-KKAPIDemo_JimmyUITests/Pods-KKAPIDemo_JimmyUITests.debug.xcconfig"; sourceTree = "<group>"; };
		89F59581C6118670C3AABD3D /* Pods_KKAPIDemo_JimmyTests.framework */ = {isa = PBXFileReference; explicitFileType = wrapper.framework; includeInIndex = 0; path = Pods_KKAPIDemo_JimmyTests.framework; sourceTree = BUILT_PRODUCTS_DIR; };
		8BAE298DC85D798FAF6DBD97 /* Pods-KKAPIDemo_JimmyTests.release.xcconfig */ = {isa = PBXFileReference; includeInIndex = 1; lastKnownFileType = text.xcconfig; name = "Pods-KKAPIDemo_JimmyTests.release.xcconfig"; path = "Target Support Files/Pods-KKAPIDemo_JimmyTests/Pods-KKAPIDemo_JimmyTests.release.xcconfig"; sourceTree = "<group>"; };
		92780685E965C02CE7EF52C0 /* Pods-KKAPIDemo_JimmyUITests.release.xcconfig */ = {isa = PBXFileReference; includeInIndex = 1; lastKnownFileType = text.xcconfig; name = "Pods-KKAPIDemo_JimmyUITests.release.xcconfig"; path = "Target Support Files/Pods-KKAPIDemo_JimmyUITests/Pods-KKAPIDemo_JimmyUITests.release.xcconfig"; sourceTree = "<group>"; };
		97588965969D82C24E339382 /* Pods_KKAPIDemo_Jimmy.framework */ = {isa = PBXFileReference; explicitFileType = wrapper.framework; includeInIndex = 0; path = Pods_KKAPIDemo_Jimmy.framework; sourceTree = BUILT_PRODUCTS_DIR; };
		F1A8F76606F651D0F66EFD51 /* Pods-KKAPIDemo_Jimmy.debug.xcconfig */ = {isa = PBXFileReference; includeInIndex = 1; lastKnownFileType = text.xcconfig; name = "Pods-KKAPIDemo_Jimmy.debug.xcconfig"; path = "Target Support Files/Pods-KKAPIDemo_Jimmy/Pods-KKAPIDemo_Jimmy.debug.xcconfig"; sourceTree = "<group>"; };
		FA0E16032653EAF22D3455ED /* Pods-KKAPIDemo_Jimmy.release.xcconfig */ = {isa = PBXFileReference; includeInIndex = 1; lastKnownFileType = text.xcconfig; name = "Pods-KKAPIDemo_Jimmy.release.xcconfig"; path = "Target Support Files/Pods-KKAPIDemo_Jimmy/Pods-KKAPIDemo_Jimmy.release.xcconfig"; sourceTree = "<group>"; };
/* End PBXFileReference section */

/* Begin PBXFrameworksBuildPhase section */
		03DA88FD222D0C5000A3366E /* Frameworks */ = {
			isa = PBXFrameworksBuildPhase;
			buildActionMask = 2147483647;
			files = (
				A44314622D99EB2971E64404 /* Pods_KKAPIDemo_Jimmy.framework in Frameworks */,
			);
			runOnlyForDeploymentPostprocessing = 0;
		};
		03DA8911222D0C5200A3366E /* Frameworks */ = {
			isa = PBXFrameworksBuildPhase;
			buildActionMask = 2147483647;
			files = (
				355AC5A79231CE4BA8A1C94F /* Pods_KKAPIDemo_JimmyTests.framework in Frameworks */,
			);
			runOnlyForDeploymentPostprocessing = 0;
		};
		03DA891C222D0C5200A3366E /* Frameworks */ = {
			isa = PBXFrameworksBuildPhase;
			buildActionMask = 2147483647;
			files = (
				94AB7AAA1CBD15E36F350175 /* Pods_KKAPIDemo_JimmyUITests.framework in Frameworks */,
			);
			runOnlyForDeploymentPostprocessing = 0;
		};
/* End PBXFrameworksBuildPhase section */

/* Begin PBXGroup section */
		0338392A2230E66800F249DB /* Utils */ = {
			isa = PBXGroup;
			children = (
				0338392B2230E68700F249DB /* API */,
				0338392E22310FA400F249DB /* User */,
			);
			path = Utils;
			sourceTree = "<group>";
		};
		0338392B2230E68700F249DB /* API */ = {
			isa = PBXGroup;
			children = (
				033839282230E66500F249DB /* APIConfig.swift */,
				033839262230E51900F249DB /* API.swift */,
			);
			path = API;
			sourceTree = "<group>";
		};
		0338392E22310FA400F249DB /* User */ = {
			isa = PBXGroup;
			children = (
				0338392C22310F9A00F249DB /* User.swift */,
			);
			path = User;
			sourceTree = "<group>";
		};
		03DA88F7222D0C5000A3366E = {
			isa = PBXGroup;
			children = (
				03DA8902222D0C5000A3366E /* KKAPIDemo_Jimmy */,
				03DA8917222D0C5200A3366E /* KKAPIDemo_JimmyTests */,
				03DA8922222D0C5200A3366E /* KKAPIDemo_JimmyUITests */,
				03DA8901222D0C5000A3366E /* Products */,
				D9F7DAE5046D291DD23F9EC2 /* Pods */,
				D28A50A79BF7E0734D296D9B /* Frameworks */,
			);
			sourceTree = "<group>";
		};
		03DA8901222D0C5000A3366E /* Products */ = {
			isa = PBXGroup;
			children = (
				03DA8900222D0C5000A3366E /* KKAPIDemo_Jimmy.app */,
				03DA8914222D0C5200A3366E /* KKAPIDemo_JimmyTests.xctest */,
				03DA891F222D0C5200A3366E /* KKAPIDemo_JimmyUITests.xctest */,
			);
			name = Products;
			sourceTree = "<group>";
		};
		03DA8902222D0C5000A3366E /* KKAPIDemo_Jimmy */ = {
			isa = PBXGroup;
			children = (
				03DA8903222D0C5000A3366E /* AppDelegate.swift */,
				0338392A2230E66800F249DB /* Utils */,
				03DA8905222D0C5000A3366E /* ViewController.swift */,
				03DA8907222D0C5000A3366E /* Main.storyboard */,
				03DA890A222D0C5100A3366E /* Assets.xcassets */,
				03DA890C222D0C5100A3366E /* LaunchScreen.storyboard */,
				03DA890F222D0C5100A3366E /* Info.plist */,
			);
			path = KKAPIDemo_Jimmy;
			sourceTree = "<group>";
		};
		03DA8917222D0C5200A3366E /* KKAPIDemo_JimmyTests */ = {
			isa = PBXGroup;
			children = (
				03DA8918222D0C5200A3366E /* KKAPIDemo_JimmyTests.swift */,
				03DA891A222D0C5200A3366E /* Info.plist */,
			);
			path = KKAPIDemo_JimmyTests;
			sourceTree = "<group>";
		};
		03DA8922222D0C5200A3366E /* KKAPIDemo_JimmyUITests */ = {
			isa = PBXGroup;
			children = (
				03DA8923222D0C5200A3366E /* KKAPIDemo_JimmyUITests.swift */,
				03DA8925222D0C5200A3366E /* Info.plist */,
			);
			path = KKAPIDemo_JimmyUITests;
			sourceTree = "<group>";
		};
		D28A50A79BF7E0734D296D9B /* Frameworks */ = {
			isa = PBXGroup;
			children = (
				97588965969D82C24E339382 /* Pods_KKAPIDemo_Jimmy.framework */,
				89F59581C6118670C3AABD3D /* Pods_KKAPIDemo_JimmyTests.framework */,
				1CA3EF28D22A6864E0187AE5 /* Pods_KKAPIDemo_JimmyUITests.framework */,
			);
			name = Frameworks;
			sourceTree = "<group>";
		};
		D9F7DAE5046D291DD23F9EC2 /* Pods */ = {
			isa = PBXGroup;
			children = (
				F1A8F76606F651D0F66EFD51 /* Pods-KKAPIDemo_Jimmy.debug.xcconfig */,
				FA0E16032653EAF22D3455ED /* Pods-KKAPIDemo_Jimmy.release.xcconfig */,
				70EDF29F50F82B43438EBF9E /* Pods-KKAPIDemo_JimmyTests.debug.xcconfig */,
				8BAE298DC85D798FAF6DBD97 /* Pods-KKAPIDemo_JimmyTests.release.xcconfig */,
				7DE386531639F0A820D4E68F /* Pods-KKAPIDemo_JimmyUITests.debug.xcconfig */,
				92780685E965C02CE7EF52C0 /* Pods-KKAPIDemo_JimmyUITests.release.xcconfig */,
			);
			path = Pods;
			sourceTree = "<group>";
		};
/* End PBXGroup section */

/* Begin PBXNativeTarget section */
		03DA88FF222D0C5000A3366E /* KKAPIDemo_Jimmy */ = {
			isa = PBXNativeTarget;
			buildConfigurationList = 03DA8928222D0C5200A3366E /* Build configuration list for PBXNativeTarget "KKAPIDemo_Jimmy" */;
			buildPhases = (
				D47F755F9AB2633D634EEC9F /* [CP] Check Pods Manifest.lock */,
				03DA88FC222D0C5000A3366E /* Sources */,
				03DA88FD222D0C5000A3366E /* Frameworks */,
				03DA88FE222D0C5000A3366E /* Resources */,
				800A33BA8E18A866FF68AF62 /* [CP] Embed Pods Frameworks */,
			);
			buildRules = (
			);
			dependencies = (
			);
			name = KKAPIDemo_Jimmy;
			productName = KKAPIDemo_Jimmy;
			productReference = 03DA8900222D0C5000A3366E /* KKAPIDemo_Jimmy.app */;
			productType = "com.apple.product-type.application";
		};
		03DA8913222D0C5200A3366E /* KKAPIDemo_JimmyTests */ = {
			isa = PBXNativeTarget;
			buildConfigurationList = 03DA892B222D0C5200A3366E /* Build configuration list for PBXNativeTarget "KKAPIDemo_JimmyTests" */;
			buildPhases = (
				DA89CE4D1BEF48472490DA94 /* [CP] Check Pods Manifest.lock */,
				03DA8910222D0C5200A3366E /* Sources */,
				03DA8911222D0C5200A3366E /* Frameworks */,
				03DA8912222D0C5200A3366E /* Resources */,
			);
			buildRules = (
			);
			dependencies = (
				03DA8916222D0C5200A3366E /* PBXTargetDependency */,
			);
			name = KKAPIDemo_JimmyTests;
			productName = KKAPIDemo_JimmyTests;
			productReference = 03DA8914222D0C5200A3366E /* KKAPIDemo_JimmyTests.xctest */;
			productType = "com.apple.product-type.bundle.unit-test";
		};
		03DA891E222D0C5200A3366E /* KKAPIDemo_JimmyUITests */ = {
			isa = PBXNativeTarget;
			buildConfigurationList = 03DA892E222D0C5200A3366E /* Build configuration list for PBXNativeTarget "KKAPIDemo_JimmyUITests" */;
			buildPhases = (
				12D3637E64B2A44C0A5AB6AD /* [CP] Check Pods Manifest.lock */,
				03DA891B222D0C5200A3366E /* Sources */,
				03DA891C222D0C5200A3366E /* Frameworks */,
				03DA891D222D0C5200A3366E /* Resources */,
			);
			buildRules = (
			);
			dependencies = (
				03DA8921222D0C5200A3366E /* PBXTargetDependency */,
			);
			name = KKAPIDemo_JimmyUITests;
			productName = KKAPIDemo_JimmyUITests;
			productReference = 03DA891F222D0C5200A3366E /* KKAPIDemo_JimmyUITests.xctest */;
			productType = "com.apple.product-type.bundle.ui-testing";
		};
/* End PBXNativeTarget section */

/* Begin PBXProject section */
		03DA88F8222D0C5000A3366E /* Project object */ = {
			isa = PBXProject;
			attributes = {
				LastSwiftUpdateCheck = 1010;
				LastUpgradeCheck = 1010;
				ORGANIZATIONNAME = "Jimmy Li";
				TargetAttributes = {
					03DA88FF222D0C5000A3366E = {
						CreatedOnToolsVersion = 10.1;
					};
					03DA8913222D0C5200A3366E = {
						CreatedOnToolsVersion = 10.1;
						TestTargetID = 03DA88FF222D0C5000A3366E;
					};
					03DA891E222D0C5200A3366E = {
						CreatedOnToolsVersion = 10.1;
						TestTargetID = 03DA88FF222D0C5000A3366E;
					};
				};
			};
			buildConfigurationList = 03DA88FB222D0C5000A3366E /* Build configuration list for PBXProject "KKAPIDemo_Jimmy" */;
			compatibilityVersion = "Xcode 9.3";
			developmentRegion = en;
			hasScannedForEncodings = 0;
			knownRegions = (
				en,
				Base,
			);
			mainGroup = 03DA88F7222D0C5000A3366E;
			productRefGroup = 03DA8901222D0C5000A3366E /* Products */;
			projectDirPath = "";
			projectRoot = "";
			targets = (
				03DA88FF222D0C5000A3366E /* KKAPIDemo_Jimmy */,
				03DA8913222D0C5200A3366E /* KKAPIDemo_JimmyTests */,
				03DA891E222D0C5200A3366E /* KKAPIDemo_JimmyUITests */,
			);
		};
/* End PBXProject section */

/* Begin PBXResourcesBuildPhase section */
		03DA88FE222D0C5000A3366E /* Resources */ = {
			isa = PBXResourcesBuildPhase;
			buildActionMask = 2147483647;
			files = (
				03DA890E222D0C5100A3366E /* LaunchScreen.storyboard in Resources */,
				03DA890B222D0C5100A3366E /* Assets.xcassets in Resources */,
				03DA8909222D0C5000A3366E /* Main.storyboard in Resources */,
			);
			runOnlyForDeploymentPostprocessing = 0;
		};
		03DA8912222D0C5200A3366E /* Resources */ = {
			isa = PBXResourcesBuildPhase;
			buildActionMask = 2147483647;
			files = (
			);
			runOnlyForDeploymentPostprocessing = 0;
		};
		03DA891D222D0C5200A3366E /* Resources */ = {
			isa = PBXResourcesBuildPhase;
			buildActionMask = 2147483647;
			files = (
			);
			runOnlyForDeploymentPostprocessing = 0;
		};
/* End PBXResourcesBuildPhase section */

/* Begin PBXShellScriptBuildPhase section */
		12D3637E64B2A44C0A5AB6AD /* [CP] Check Pods Manifest.lock */ = {
			isa = PBXShellScriptBuildPhase;
			buildActionMask = 2147483647;
			files = (
			);
			inputFileListPaths = (
			);
			inputPaths = (
				"${PODS_PODFILE_DIR_PATH}/Podfile.lock",
				"${PODS_ROOT}/Manifest.lock",
			);
			name = "[CP] Check Pods Manifest.lock";
			outputFileListPaths = (
			);
			outputPaths = (
				"$(DERIVED_FILE_DIR)/Pods-KKAPIDemo_JimmyUITests-checkManifestLockResult.txt",
			);
			runOnlyForDeploymentPostprocessing = 0;
			shellPath = /bin/sh;
			shellScript = "diff \"${PODS_PODFILE_DIR_PATH}/Podfile.lock\" \"${PODS_ROOT}/Manifest.lock\" > /dev/null\nif [ $? != 0 ] ; then\n    # print error to STDERR\n    echo \"error: The sandbox is not in sync with the Podfile.lock. Run 'pod install' or update your CocoaPods installation.\" >&2\n    exit 1\nfi\n# This output is used by Xcode 'outputs' to avoid re-running this script phase.\necho \"SUCCESS\" > \"${SCRIPT_OUTPUT_FILE_0}\"\n";
			showEnvVarsInLog = 0;
		};
		800A33BA8E18A866FF68AF62 /* [CP] Embed Pods Frameworks */ = {
			isa = PBXShellScriptBuildPhase;
			buildActionMask = 2147483647;
			files = (
			);
			inputFileListPaths = (
			);
			inputPaths = (
				"${PODS_ROOT}/Target Support Files/Pods-KKAPIDemo_Jimmy/Pods-KKAPIDemo_Jimmy-frameworks.sh",
				"${BUILT_PRODUCTS_DIR}/Differentiator/Differentiator.framework",
				"${BUILT_PRODUCTS_DIR}/Realm/Realm.framework",
				"${BUILT_PRODUCTS_DIR}/RealmSwift/RealmSwift.framework",
				"${BUILT_PRODUCTS_DIR}/RxAtomic/RxAtomic.framework",
				"${BUILT_PRODUCTS_DIR}/RxCocoa/RxCocoa.framework",
				"${BUILT_PRODUCTS_DIR}/RxDataSources/RxDataSources.framework",
				"${BUILT_PRODUCTS_DIR}/RxSwift/RxSwift.framework",
				"${BUILT_PRODUCTS_DIR}/SDWebImage/SDWebImage.framework",
				"${BUILT_PRODUCTS_DIR}/SnapKit/SnapKit.framework",
			);
			name = "[CP] Embed Pods Frameworks";
			outputFileListPaths = (
			);
			outputPaths = (
				"${TARGET_BUILD_DIR}/${FRAMEWORKS_FOLDER_PATH}/Differentiator.framework",
				"${TARGET_BUILD_DIR}/${FRAMEWORKS_FOLDER_PATH}/Realm.framework",
				"${TARGET_BUILD_DIR}/${FRAMEWORKS_FOLDER_PATH}/RealmSwift.framework",
				"${TARGET_BUILD_DIR}/${FRAMEWORKS_FOLDER_PATH}/RxAtomic.framework",
				"${TARGET_BUILD_DIR}/${FRAMEWORKS_FOLDER_PATH}/RxCocoa.framework",
				"${TARGET_BUILD_DIR}/${FRAMEWORKS_FOLDER_PATH}/RxDataSources.framework",
				"${TARGET_BUILD_DIR}/${FRAMEWORKS_FOLDER_PATH}/RxSwift.framework",
				"${TARGET_BUILD_DIR}/${FRAMEWORKS_FOLDER_PATH}/SDWebImage.framework",
				"${TARGET_BUILD_DIR}/${FRAMEWORKS_FOLDER_PATH}/SnapKit.framework",
			);
			runOnlyForDeploymentPostprocessing = 0;
			shellPath = /bin/sh;
			shellScript = "\"${PODS_ROOT}/Target Support Files/Pods-KKAPIDemo_Jimmy/Pods-KKAPIDemo_Jimmy-frameworks.sh\"\n";
			showEnvVarsInLog = 0;
		};
		D47F755F9AB2633D634EEC9F /* [CP] Check Pods Manifest.lock */ = {
			isa = PBXShellScriptBuildPhase;
			buildActionMask = 2147483647;
			files = (
			);
			inputFileListPaths = (
			);
			inputPaths = (
				"${PODS_PODFILE_DIR_PATH}/Podfile.lock",
				"${PODS_ROOT}/Manifest.lock",
			);
			name = "[CP] Check Pods Manifest.lock";
			outputFileListPaths = (
			);
			outputPaths = (
				"$(DERIVED_FILE_DIR)/Pods-KKAPIDemo_Jimmy-checkManifestLockResult.txt",
			);
			runOnlyForDeploymentPostprocessing = 0;
			shellPath = /bin/sh;
			shellScript = "diff \"${PODS_PODFILE_DIR_PATH}/Podfile.lock\" \"${PODS_ROOT}/Manifest.lock\" > /dev/null\nif [ $? != 0 ] ; then\n    # print error to STDERR\n    echo \"error: The sandbox is not in sync with the Podfile.lock. Run 'pod install' or update your CocoaPods installation.\" >&2\n    exit 1\nfi\n# This output is used by Xcode 'outputs' to avoid re-running this script phase.\necho \"SUCCESS\" > \"${SCRIPT_OUTPUT_FILE_0}\"\n";
			showEnvVarsInLog = 0;
		};
		DA89CE4D1BEF48472490DA94 /* [CP] Check Pods Manifest.lock */ = {
			isa = PBXShellScriptBuildPhase;
			buildActionMask = 2147483647;
			files = (
			);
			inputFileListPaths = (
			);
			inputPaths = (
				"${PODS_PODFILE_DIR_PATH}/Podfile.lock",
				"${PODS_ROOT}/Manifest.lock",
			);
			name = "[CP] Check Pods Manifest.lock";
			outputFileListPaths = (
			);
			outputPaths = (
				"$(DERIVED_FILE_DIR)/Pods-KKAPIDemo_JimmyTests-checkManifestLockResult.txt",
			);
			runOnlyForDeploymentPostprocessing = 0;
			shellPath = /bin/sh;
			shellScript = "diff \"${PODS_PODFILE_DIR_PATH}/Podfile.lock\" \"${PODS_ROOT}/Manifest.lock\" > /dev/null\nif [ $? != 0 ] ; then\n    # print error to STDERR\n    echo \"error: The sandbox is not in sync with the Podfile.lock. Run 'pod install' or update your CocoaPods installation.\" >&2\n    exit 1\nfi\n# This output is used by Xcode 'outputs' to avoid re-running this script phase.\necho \"SUCCESS\" > \"${SCRIPT_OUTPUT_FILE_0}\"\n";
			showEnvVarsInLog = 0;
		};
/* End PBXShellScriptBuildPhase section */

/* Begin PBXSourcesBuildPhase section */
		03DA88FC222D0C5000A3366E /* Sources */ = {
			isa = PBXSourcesBuildPhase;
			buildActionMask = 2147483647;
			files = (
				03DA8906222D0C5000A3366E /* ViewController.swift in Sources */,
				033839272230E51900F249DB /* API.swift in Sources */,
				033839292230E66500F249DB /* APIConfig.swift in Sources */,
				0338392D22310F9A00F249DB /* User.swift in Sources */,
				03DA8904222D0C5000A3366E /* AppDelegate.swift in Sources */,
			);
			runOnlyForDeploymentPostprocessing = 0;
		};
		03DA8910222D0C5200A3366E /* Sources */ = {
			isa = PBXSourcesBuildPhase;
			buildActionMask = 2147483647;
			files = (
				03DA8919222D0C5200A3366E /* KKAPIDemo_JimmyTests.swift in Sources */,
			);
			runOnlyForDeploymentPostprocessing = 0;
		};
		03DA891B222D0C5200A3366E /* Sources */ = {
			isa = PBXSourcesBuildPhase;
			buildActionMask = 2147483647;
			files = (
				03DA8924222D0C5200A3366E /* KKAPIDemo_JimmyUITests.swift in Sources */,
			);
			runOnlyForDeploymentPostprocessing = 0;
		};
/* End PBXSourcesBuildPhase section */

/* Begin PBXTargetDependency section */
		03DA8916222D0C5200A3366E /* PBXTargetDependency */ = {
			isa = PBXTargetDependency;
			target = 03DA88FF222D0C5000A3366E /* KKAPIDemo_Jimmy */;
			targetProxy = 03DA8915222D0C5200A3366E /* PBXContainerItemProxy */;
		};
		03DA8921222D0C5200A3366E /* PBXTargetDependency */ = {
			isa = PBXTargetDependency;
			target = 03DA88FF222D0C5000A3366E /* KKAPIDemo_Jimmy */;
			targetProxy = 03DA8920222D0C5200A3366E /* PBXContainerItemProxy */;
		};
/* End PBXTargetDependency section */

/* Begin PBXVariantGroup section */
		03DA8907222D0C5000A3366E /* Main.storyboard */ = {
			isa = PBXVariantGroup;
			children = (
				03DA8908222D0C5000A3366E /* Base */,
			);
			name = Main.storyboard;
			sourceTree = "<group>";
		};
		03DA890C222D0C5100A3366E /* LaunchScreen.storyboard */ = {
			isa = PBXVariantGroup;
			children = (
				03DA890D222D0C5100A3366E /* Base */,
			);
			name = LaunchScreen.storyboard;
			sourceTree = "<group>";
		};
/* End PBXVariantGroup section */

/* Begin XCBuildConfiguration section */
		03DA8926222D0C5200A3366E /* Debug */ = {
			isa = XCBuildConfiguration;
			buildSettings = {
				ALWAYS_SEARCH_USER_PATHS = NO;
				CLANG_ANALYZER_NONNULL = YES;
				CLANG_ANALYZER_NUMBER_OBJECT_CONVERSION = YES_AGGRESSIVE;
				CLANG_CXX_LANGUAGE_STANDARD = "gnu++14";
				CLANG_CXX_LIBRARY = "libc++";
				CLANG_ENABLE_MODULES = YES;
				CLANG_ENABLE_OBJC_ARC = YES;
				CLANG_ENABLE_OBJC_WEAK = YES;
				CLANG_WARN_BLOCK_CAPTURE_AUTORELEASING = YES;
				CLANG_WARN_BOOL_CONVERSION = YES;
				CLANG_WARN_COMMA = YES;
				CLANG_WARN_CONSTANT_CONVERSION = YES;
				CLANG_WARN_DEPRECATED_OBJC_IMPLEMENTATIONS = YES;
				CLANG_WARN_DIRECT_OBJC_ISA_USAGE = YES_ERROR;
				CLANG_WARN_DOCUMENTATION_COMMENTS = YES;
				CLANG_WARN_EMPTY_BODY = YES;
				CLANG_WARN_ENUM_CONVERSION = YES;
				CLANG_WARN_INFINITE_RECURSION = YES;
				CLANG_WARN_INT_CONVERSION = YES;
				CLANG_WARN_NON_LITERAL_NULL_CONVERSION = YES;
				CLANG_WARN_OBJC_IMPLICIT_RETAIN_SELF = YES;
				CLANG_WARN_OBJC_LITERAL_CONVERSION = YES;
				CLANG_WARN_OBJC_ROOT_CLASS = YES_ERROR;
				CLANG_WARN_RANGE_LOOP_ANALYSIS = YES;
				CLANG_WARN_STRICT_PROTOTYPES = YES;
				CLANG_WARN_SUSPICIOUS_MOVE = YES;
				CLANG_WARN_UNGUARDED_AVAILABILITY = YES_AGGRESSIVE;
				CLANG_WARN_UNREACHABLE_CODE = YES;
				CLANG_WARN__DUPLICATE_METHOD_MATCH = YES;
				CODE_SIGN_IDENTITY = "iPhone Developer";
				COPY_PHASE_STRIP = NO;
				DEBUG_INFORMATION_FORMAT = dwarf;
				ENABLE_STRICT_OBJC_MSGSEND = YES;
				ENABLE_TESTABILITY = YES;
				GCC_C_LANGUAGE_STANDARD = gnu11;
				GCC_DYNAMIC_NO_PIC = NO;
				GCC_NO_COMMON_BLOCKS = YES;
				GCC_OPTIMIZATION_LEVEL = 0;
				GCC_PREPROCESSOR_DEFINITIONS = (
					"DEBUG=1",
					"$(inherited)",
				);
				GCC_WARN_64_TO_32_BIT_CONVERSION = YES;
				GCC_WARN_ABOUT_RETURN_TYPE = YES_ERROR;
				GCC_WARN_UNDECLARED_SELECTOR = YES;
				GCC_WARN_UNINITIALIZED_AUTOS = YES_AGGRESSIVE;
				GCC_WARN_UNUSED_FUNCTION = YES;
				GCC_WARN_UNUSED_VARIABLE = YES;
				IPHONEOS_DEPLOYMENT_TARGET = 12.1;
				MTL_ENABLE_DEBUG_INFO = INCLUDE_SOURCE;
				MTL_FAST_MATH = YES;
				ONLY_ACTIVE_ARCH = YES;
				SDKROOT = iphoneos;
				SWIFT_ACTIVE_COMPILATION_CONDITIONS = DEBUG;
				SWIFT_OPTIMIZATION_LEVEL = "-Onone";
			};
			name = Debug;
		};
		03DA8927222D0C5200A3366E /* Release */ = {
			isa = XCBuildConfiguration;
			buildSettings = {
				ALWAYS_SEARCH_USER_PATHS = NO;
				CLANG_ANALYZER_NONNULL = YES;
				CLANG_ANALYZER_NUMBER_OBJECT_CONVERSION = YES_AGGRESSIVE;
				CLANG_CXX_LANGUAGE_STANDARD = "gnu++14";
				CLANG_CXX_LIBRARY = "libc++";
				CLANG_ENABLE_MODULES = YES;
				CLANG_ENABLE_OBJC_ARC = YES;
				CLANG_ENABLE_OBJC_WEAK = YES;
				CLANG_WARN_BLOCK_CAPTURE_AUTORELEASING = YES;
				CLANG_WARN_BOOL_CONVERSION = YES;
				CLANG_WARN_COMMA = YES;
				CLANG_WARN_CONSTANT_CONVERSION = YES;
				CLANG_WARN_DEPRECATED_OBJC_IMPLEMENTATIONS = YES;
				CLANG_WARN_DIRECT_OBJC_ISA_USAGE = YES_ERROR;
				CLANG_WARN_DOCUMENTATION_COMMENTS = YES;
				CLANG_WARN_EMPTY_BODY = YES;
				CLANG_WARN_ENUM_CONVERSION = YES;
				CLANG_WARN_INFINITE_RECURSION = YES;
				CLANG_WARN_INT_CONVERSION = YES;
				CLANG_WARN_NON_LITERAL_NULL_CONVERSION = YES;
				CLANG_WARN_OBJC_IMPLICIT_RETAIN_SELF = YES;
				CLANG_WARN_OBJC_LITERAL_CONVERSION = YES;
				CLANG_WARN_OBJC_ROOT_CLASS = YES_ERROR;
				CLANG_WARN_RANGE_LOOP_ANALYSIS = YES;
				CLANG_WARN_STRICT_PROTOTYPES = YES;
				CLANG_WARN_SUSPICIOUS_MOVE = YES;
				CLANG_WARN_UNGUARDED_AVAILABILITY = YES_AGGRESSIVE;
				CLANG_WARN_UNREACHABLE_CODE = YES;
				CLANG_WARN__DUPLICATE_METHOD_MATCH = YES;
				CODE_SIGN_IDENTITY = "iPhone Developer";
				COPY_PHASE_STRIP = NO;
				DEBUG_INFORMATION_FORMAT = "dwarf-with-dsym";
				ENABLE_NS_ASSERTIONS = NO;
				ENABLE_STRICT_OBJC_MSGSEND = YES;
				GCC_C_LANGUAGE_STANDARD = gnu11;
				GCC_NO_COMMON_BLOCKS = YES;
				GCC_WARN_64_TO_32_BIT_CONVERSION = YES;
				GCC_WARN_ABOUT_RETURN_TYPE = YES_ERROR;
				GCC_WARN_UNDECLARED_SELECTOR = YES;
				GCC_WARN_UNINITIALIZED_AUTOS = YES_AGGRESSIVE;
				GCC_WARN_UNUSED_FUNCTION = YES;
				GCC_WARN_UNUSED_VARIABLE = YES;
				IPHONEOS_DEPLOYMENT_TARGET = 12.1;
				MTL_ENABLE_DEBUG_INFO = NO;
				MTL_FAST_MATH = YES;
				SDKROOT = iphoneos;
				SWIFT_COMPILATION_MODE = wholemodule;
				SWIFT_OPTIMIZATION_LEVEL = "-O";
				VALIDATE_PRODUCT = YES;
			};
			name = Release;
		};
		03DA8929222D0C5200A3366E /* Debug */ = {
			isa = XCBuildConfiguration;
			baseConfigurationReference = F1A8F76606F651D0F66EFD51 /* Pods-KKAPIDemo_Jimmy.debug.xcconfig */;
			buildSettings = {
				ASSETCATALOG_COMPILER_APPICON_NAME = AppIcon;
				CODE_SIGN_STYLE = Automatic;
				DEVELOPMENT_TEAM = ZB8FR9L33J;
				INFOPLIST_FILE = KKAPIDemo_Jimmy/Info.plist;
				LD_RUNPATH_SEARCH_PATHS = (
					"$(inherited)",
					"@executable_path/Frameworks",
				);
				PRODUCT_BUNDLE_IDENTIFIER = jimmy.kkapi.demo.KKAPIDemo;
				PRODUCT_NAME = "$(TARGET_NAME)";
				SWIFT_VERSION = 4.2;
				TARGETED_DEVICE_FAMILY = "1,2";
			};
			name = Debug;
		};
		03DA892A222D0C5200A3366E /* Release */ = {
			isa = XCBuildConfiguration;
			baseConfigurationReference = FA0E16032653EAF22D3455ED /* Pods-KKAPIDemo_Jimmy.release.xcconfig */;
			buildSettings = {
				ASSETCATALOG_COMPILER_APPICON_NAME = AppIcon;
				CODE_SIGN_STYLE = Automatic;
				DEVELOPMENT_TEAM = ZB8FR9L33J;
				INFOPLIST_FILE = KKAPIDemo_Jimmy/Info.plist;
				LD_RUNPATH_SEARCH_PATHS = (
					"$(inherited)",
					"@executable_path/Frameworks",
				);
				PRODUCT_BUNDLE_IDENTIFIER = jimmy.kkapi.demo.KKAPIDemo;
				PRODUCT_NAME = "$(TARGET_NAME)";
				SWIFT_VERSION = 4.2;
				TARGETED_DEVICE_FAMILY = "1,2";
			};
			name = Release;
		};
		03DA892C222D0C5200A3366E /* Debug */ = {
			isa = XCBuildConfiguration;
			baseConfigurationReference = 70EDF29F50F82B43438EBF9E /* Pods-KKAPIDemo_JimmyTests.debug.xcconfig */;
			buildSettings = {
				ALWAYS_EMBED_SWIFT_STANDARD_LIBRARIES = YES;
				BUNDLE_LOADER = "$(TEST_HOST)";
				CODE_SIGN_STYLE = Automatic;
				INFOPLIST_FILE = KKAPIDemo_JimmyTests/Info.plist;
				LD_RUNPATH_SEARCH_PATHS = (
					"$(inherited)",
					"@executable_path/Frameworks",
					"@loader_path/Frameworks",
				);
				PRODUCT_BUNDLE_IDENTIFIER = "jimmy.kkapi.demo.KKAPIDemo-JimmyTests";
				PRODUCT_NAME = "$(TARGET_NAME)";
				SWIFT_VERSION = 4.2;
				TARGETED_DEVICE_FAMILY = "1,2";
				TEST_HOST = "$(BUILT_PRODUCTS_DIR)/KKAPIDemo_Jimmy.app/KKAPIDemo_Jimmy";
			};
			name = Debug;
		};
		03DA892D222D0C5200A3366E /* Release */ = {
			isa = XCBuildConfiguration;
			baseConfigurationReference = 8BAE298DC85D798FAF6DBD97 /* Pods-KKAPIDemo_JimmyTests.release.xcconfig */;
			buildSettings = {
				ALWAYS_EMBED_SWIFT_STANDARD_LIBRARIES = YES;
				BUNDLE_LOADER = "$(TEST_HOST)";
				CODE_SIGN_STYLE = Automatic;
				INFOPLIST_FILE = KKAPIDemo_JimmyTests/Info.plist;
				LD_RUNPATH_SEARCH_PATHS = (
					"$(inherited)",
					"@executable_path/Frameworks",
					"@loader_path/Frameworks",
				);
				PRODUCT_BUNDLE_IDENTIFIER = "jimmy.kkapi.demo.KKAPIDemo-JimmyTests";
				PRODUCT_NAME = "$(TARGET_NAME)";
				SWIFT_VERSION = 4.2;
				TARGETED_DEVICE_FAMILY = "1,2";
				TEST_HOST = "$(BUILT_PRODUCTS_DIR)/KKAPIDemo_Jimmy.app/KKAPIDemo_Jimmy";
			};
			name = Release;
		};
		03DA892F222D0C5200A3366E /* Debug */ = {
			isa = XCBuildConfiguration;
			baseConfigurationReference = 7DE386531639F0A820D4E68F /* Pods-KKAPIDemo_JimmyUITests.debug.xcconfig */;
			buildSettings = {
				ALWAYS_EMBED_SWIFT_STANDARD_LIBRARIES = YES;
				CODE_SIGN_STYLE = Automatic;
				INFOPLIST_FILE = KKAPIDemo_JimmyUITests/Info.plist;
				LD_RUNPATH_SEARCH_PATHS = (
					"$(inherited)",
					"@executable_path/Frameworks",
					"@loader_path/Frameworks",
				);
				PRODUCT_BUNDLE_IDENTIFIER = "jimmy.kkapi.demo.KKAPIDemo-JimmyUITests";
				PRODUCT_NAME = "$(TARGET_NAME)";
				SWIFT_VERSION = 4.2;
				TARGETED_DEVICE_FAMILY = "1,2";
				TEST_TARGET_NAME = KKAPIDemo_Jimmy;
			};
			name = Debug;
		};
		03DA8930222D0C5200A3366E /* Release */ = {
			isa = XCBuildConfiguration;
			baseConfigurationReference = 92780685E965C02CE7EF52C0 /* Pods-KKAPIDemo_JimmyUITests.release.xcconfig */;
			buildSettings = {
				ALWAYS_EMBED_SWIFT_STANDARD_LIBRARIES = YES;
				CODE_SIGN_STYLE = Automatic;
				INFOPLIST_FILE = KKAPIDemo_JimmyUITests/Info.plist;
				LD_RUNPATH_SEARCH_PATHS = (
					"$(inherited)",
					"@executable_path/Frameworks",
					"@loader_path/Frameworks",
				);
				PRODUCT_BUNDLE_IDENTIFIER = "jimmy.kkapi.demo.KKAPIDemo-JimmyUITests";
				PRODUCT_NAME = "$(TARGET_NAME)";
				SWIFT_VERSION = 4.2;
				TARGETED_DEVICE_FAMILY = "1,2";
				TEST_TARGET_NAME = KKAPIDemo_Jimmy;
			};
			name = Release;
		};
/* End XCBuildConfiguration section */

/* Begin XCConfigurationList section */
		03DA88FB222D0C5000A3366E /* Build configuration list for PBXProject "KKAPIDemo_Jimmy" */ = {
			isa = XCConfigurationList;
			buildConfigurations = (
				03DA8926222D0C5200A3366E /* Debug */,
				03DA8927222D0C5200A3366E /* Release */,
			);
			defaultConfigurationIsVisible = 0;
			defaultConfigurationName = Release;
		};
		03DA8928222D0C5200A3366E /* Build configuration list for PBXNativeTarget "KKAPIDemo_Jimmy" */ = {
			isa = XCConfigurationList;
			buildConfigurations = (
				03DA8929222D0C5200A3366E /* Debug */,
				03DA892A222D0C5200A3366E /* Release */,
			);
			defaultConfigurationIsVisible = 0;
			defaultConfigurationName = Release;
		};
		03DA892B222D0C5200A3366E /* Build configuration list for PBXNativeTarget "KKAPIDemo_JimmyTests" */ = {
			isa = XCConfigurationList;
			buildConfigurations = (
				03DA892C222D0C5200A3366E /* Debug */,
				03DA892D222D0C5200A3366E /* Release */,
			);
			defaultConfigurationIsVisible = 0;
			defaultConfigurationName = Release;
		};
		03DA892E222D0C5200A3366E /* Build configuration list for PBXNativeTarget "KKAPIDemo_JimmyUITests" */ = {
			isa = XCConfigurationList;
			buildConfigurations = (
				03DA892F222D0C5200A3366E /* Debug */,
				03DA8930222D0C5200A3366E /* Release */,
			);
			defaultConfigurationIsVisible = 0;
			defaultConfigurationName = Release;
		};
/* End XCConfigurationList section */
	};
	rootObject = 03DA88F8222D0C5000A3366E /* Project object */;
}
